<?xml version="1.0" encoding="UTF-8" standalone="yes" ?>
<CodeBlocks_project_file>
	<FileVersion major="1" minor="6" />
	<Project>
		<Option title="ProyectoDados" />
		<Option pch_mode="2" />
		<Option compiler="gcc" />
		<Build>
			<Target title="Debug">
				<Option output="bin/Debug/ProyectoDados" prefix_auto="1" extension_auto="1" />
				<Option object_output="obj/Debug/" />
				<Option type="1" />
				<Option compiler="gcc" />
				<Compiler>
					<Add option="-g" />
				</Compiler>
			</Target>
			<Target title="Release">
				<Option output="bin/Release/ProyectoDados" prefix_auto="1" extension_auto="1" />
				<Option object_output="obj/Release/" />
				<Option type="1" />
				<Option compiler="gcc" />
				<Compiler>
					<Add option="-O2" />
				</Compiler>
				<Linker>
					<Add option="-s" />
				</Linker>
			</Target>
		</Build>
		<Compiler>
			<Add option="-Wall" />
			<Add option="-fexceptions" />
		</Compiler>
		<Unit filename="condiciones.cpp" />
		<Unit filename="funciones.cpp" />
		<Unit filename="funciones.h" />
		<Unit filename="main.cpp" />
		<Unit filename="menues.cpp" />
		<Unit filename="modo_dosjugadores.cpp" />
		<Unit filename="modo_solitario.cpp" />
		<Unit filename="multijugador.cpp" />
		<Unit filename="ranking.cpp" />
		<Unit filename="rlutil.h" />
		<Unit filename="vectores.cpp" />
		<Extensions />
	</Project>
</CodeBlocks_project_file>
